
Microsoft Visual Studio Solution File, Format Version 12.00
# Visual Studio Version 16
VisualStudioVersion = 16.0.31129.286
MinimumVisualStudioVersion = 10.0.40219.1
Project("{9A19103F-16F7-4668-BE54-9A1E7A4F7556}") = "Leaderbord", "Leaderbord.csproj", "{88C37D50-288B-44A7-9C69-2BA134318A2F}"
EndProject
Global
	GlobalSection(SolutionConfigurationPlatforms) = preSolution
		Debug|Any CPU = Debug|Any CPU
		Release|Any CPU = Release|Any CPU
	EndGlobalSection
	GlobalSection(ProjectConfigurationPlatforms) = postSolution
		{88C37D50-288B-44A7-9C69-2BA134318A2F}.Debug|Any CPU.ActiveCfg = Debug|Any CPU
		{88C37D50-288B-44A7-9C69-2BA134318A2F}.Debug|Any CPU.Build.0 = Debug|Any CPU
		{88C37D50-288B-44A7-9C69-2BA134318A2F}.Release|Any CPU.ActiveCfg = Release|Any CPU
		{88C37D50-288B-44A7-9C69-2BA134318A2F}.Release|Any CPU.Build.0 = Release|Any CPU
	EndGlobalSection
	GlobalSection(SolutionProperties) = preSolution
		HideSolutionNode = FALSE
	EndGlobalSection
	GlobalSection(ExtensibilityGlobals) = postSolution
		SolutionGuid = {E374FB5F-E626-409B-BCF0-B00708C657F5}
	EndGlobalSection
EndGlobal
